
Microsoft Visual Studio Solution File, Format Version 12.00
# Visual Studio Version 17
VisualStudioVersion = 17.14.36511.14 d17.14
MinimumVisualStudioVersion = 10.0.40219.1
Project("{FAE04EC0-301F-11D3-BF4B-00C04F79EFBC}") = "Borc.DataMapper.Web", "Mapper\Borc.DataMapper.Web.csproj", "{B0210638-FB48-4798-8735-B77A155A889C}"
EndProject
Project("{FAE04EC0-301F-11D3-BF4B-00C04F79EFBC}") = "Borc.DataMapper.Domain", "Borc.DataMapper.Domain\Borc.DataMapper.Domain.csproj", "{E0F92D46-5816-4BA0-BCC1-0A5BF41D3E5A}"
EndProject
Project("{FAE04EC0-301F-11D3-BF4B-00C04F79EFBC}") = "Borc.DataMapper.Application", "Borc.DataMapper.Application\Borc.DataMapper.Application.csproj", "{A108E4FB-13A3-44D9-9DD2-8DF3E8445794}"
EndProject
Project("{FAE04EC0-301F-11D3-BF4B-00C04F79EFBC}") = "Borc.DataMapper.Infrastructure", "Borc.DataMapper.Infrastructure\Borc.DataMapper.Infrastructure.csproj", "{1E1BD756-621D-4040-A65E-4509395ACEAF}"
EndProject
Project("{2150E333-8FDC-42A3-9474-1A3956D46DE8}") = "src", "src", "{02EA681E-C7D8-13C7-8484-4AC65E1B71E8}"
EndProject
Global
	GlobalSection(SolutionConfigurationPlatforms) = preSolution
		Debug|Any CPU = Debug|Any CPU
		Release|Any CPU = Release|Any CPU
	EndGlobalSection
	GlobalSection(ProjectConfigurationPlatforms) = postSolution
		{B0210638-FB48-4798-8735-B77A155A889C}.Debug|Any CPU.ActiveCfg = Debug|Any CPU
		{B0210638-FB48-4798-8735-B77A155A889C}.Debug|Any CPU.Build.0 = Debug|Any CPU
		{B0210638-FB48-4798-8735-B77A155A889C}.Release|Any CPU.ActiveCfg = Release|Any CPU
		{B0210638-FB48-4798-8735-B77A155A889C}.Release|Any CPU.Build.0 = Release|Any CPU
		{E0F92D46-5816-4BA0-BCC1-0A5BF41D3E5A}.Debug|Any CPU.ActiveCfg = Debug|Any CPU
		{E0F92D46-5816-4BA0-BCC1-0A5BF41D3E5A}.Debug|Any CPU.Build.0 = Debug|Any CPU
		{E0F92D46-5816-4BA0-BCC1-0A5BF41D3E5A}.Release|Any CPU.ActiveCfg = Release|Any CPU
		{E0F92D46-5816-4BA0-BCC1-0A5BF41D3E5A}.Release|Any CPU.Build.0 = Release|Any CPU
		{A108E4FB-13A3-44D9-9DD2-8DF3E8445794}.Debug|Any CPU.ActiveCfg = Debug|Any CPU
		{A108E4FB-13A3-44D9-9DD2-8DF3E8445794}.Debug|Any CPU.Build.0 = Debug|Any CPU
		{A108E4FB-13A3-44D9-9DD2-8DF3E8445794}.Release|Any CPU.ActiveCfg = Release|Any CPU
		{A108E4FB-13A3-44D9-9DD2-8DF3E8445794}.Release|Any CPU.Build.0 = Release|Any CPU
		{1E1BD756-621D-4040-A65E-4509395ACEAF}.Debug|Any CPU.ActiveCfg = Debug|Any CPU
		{1E1BD756-621D-4040-A65E-4509395ACEAF}.Debug|Any CPU.Build.0 = Debug|Any CPU
		{1E1BD756-621D-4040-A65E-4509395ACEAF}.Release|Any CPU.ActiveCfg = Release|Any CPU
		{1E1BD756-621D-4040-A65E-4509395ACEAF}.Release|Any CPU.Build.0 = Release|Any CPU
	EndGlobalSection
	GlobalSection(SolutionProperties) = preSolution
		HideSolutionNode = FALSE
	EndGlobalSection
	GlobalSection(NestedProjects) = preSolution
		{B0210638-FB48-4798-8735-B77A155A889C} = {02EA681E-C7D8-13C7-8484-4AC65E1B71E8}
		{E0F92D46-5816-4BA0-BCC1-0A5BF41D3E5A} = {02EA681E-C7D8-13C7-8484-4AC65E1B71E8}
		{A108E4FB-13A3-44D9-9DD2-8DF3E8445794} = {02EA681E-C7D8-13C7-8484-4AC65E1B71E8}
		{1E1BD756-621D-4040-A65E-4509395ACEAF} = {02EA681E-C7D8-13C7-8484-4AC65E1B71E8}
	EndGlobalSection
	GlobalSection(ExtensibilityGlobals) = postSolution
		SolutionGuid = {268AC800-D826-4E5F-B9A4-0FDAFCEF71AE}
	EndGlobalSection
EndGlobal
